// !$*UTF8*$!
{
	archiveVersion = 1;
	classes = {
	};
	objectVersion = 55;
	objects = {

/* Begin PBXBuildFile section */
		841F72072774D0BD009172EC /* HistoryView.swift in Sources */ = {isa = PBXBuildFile; fileRef = 841F72062774D0BD009172EC /* HistoryView.swift */; };
		841F720E2778D517009172EC /* SuccessView.swift in Sources */ = {isa = PBXBuildFile; fileRef = 841F720D2778D517009172EC /* SuccessView.swift */; };
		841F72192779DDA7009172EC /* Exercise.swift in Sources */ = {isa = PBXBuildFile; fileRef = 841F72182779DDA7009172EC /* Exercise.swift */; };
		841F721C2779E08A009172EC /* HistoryStore.swift in Sources */ = {isa = PBXBuildFile; fileRef = 841F721B2779E08A009172EC /* HistoryStore.swift */; };
		844B70DA2771CC2800262BC6 /* DicisplinaApp.swift in Sources */ = {isa = PBXBuildFile; fileRef = 844B70D92771CC2800262BC6 /* DicisplinaApp.swift */; };
		844B70DC2771CC2800262BC6 /* ContentView.swift in Sources */ = {isa = PBXBuildFile; fileRef = 844B70DB2771CC2800262BC6 /* ContentView.swift */; };
		844B70DE2771CC2A00262BC6 /* Assets.xcassets in Resources */ = {isa = PBXBuildFile; fileRef = 844B70DD2771CC2A00262BC6 /* Assets.xcassets */; };
		844B70E12771CC2A00262BC6 /* Preview Assets.xcassets in Resources */ = {isa = PBXBuildFile; fileRef = 844B70E02771CC2A00262BC6 /* Preview Assets.xcassets */; };
		844B70E82771CDC100262BC6 /* ExerciseView.swift in Sources */ = {isa = PBXBuildFile; fileRef = 844B70E72771CDC100262BC6 /* ExerciseView.swift */; };
		844B70EA2771CDD000262BC6 /* WelcomeView.swift in Sources */ = {isa = PBXBuildFile; fileRef = 844B70E92771CDD000262BC6 /* WelcomeView.swift */; };
		844B70EF2771D3DF00262BC6 /* HeaderView.swift in Sources */ = {isa = PBXBuildFile; fileRef = 844B70EE2771D3DF00262BC6 /* HeaderView.swift */; };
		8453AA74277D838900FA8302 /* TimerView.swift in Sources */ = {isa = PBXBuildFile; fileRef = 8453AA73277D838800FA8302 /* TimerView.swift */; };
		848060C2278176D5001DC1B1 /* Bicycle_Crunch.mp4 in Resources */ = {isa = PBXBuildFile; fileRef = 848060C1278176C2001DC1B1 /* Bicycle_Crunch.mp4 */; };
		848060C3278176D5001DC1B1 /* Jumping_Jacks.mp4 in Resources */ = {isa = PBXBuildFile; fileRef = 848060BE278176C2001DC1B1 /* Jumping_Jacks.mp4 */; };
		848060C4278176D5001DC1B1 /* Mountain_Climber.mp4 in Resources */ = {isa = PBXBuildFile; fileRef = 848060BD278176C1001DC1B1 /* Mountain_Climber.mp4 */; };
		848060C5278176D5001DC1B1 /* Squat.mp4 in Resources */ = {isa = PBXBuildFile; fileRef = 848060C0278176C2001DC1B1 /* Squat.mp4 */; };
		848060C6278176D5001DC1B1 /* Superman.mp4 in Resources */ = {isa = PBXBuildFile; fileRef = 848060BF278176C2001DC1B1 /* Superman.mp4 */; };
		84A4667127741FB200DFDC86 /* RatingView.swift in Sources */ = {isa = PBXBuildFile; fileRef = 84A4667027741FB200DFDC86 /* RatingView.swift */; };
/* End PBXBuildFile section */

/* Begin PBXFileReference section */
		841F72062774D0BD009172EC /* HistoryView.swift */ = {isa = PBXFileReference; lastKnownFileType = sourcecode.swift; path = HistoryView.swift; sourceTree = "<group>"; };
		841F720D2778D517009172EC /* SuccessView.swift */ = {isa = PBXFileReference; lastKnownFileType = sourcecode.swift; path = SuccessView.swift; sourceTree = "<group>"; };
		841F72182779DDA7009172EC /* Exercise.swift */ = {isa = PBXFileReference; lastKnownFileType = sourcecode.swift; path = Exercise.swift; sourceTree = "<group>"; };
		841F721B2779E08A009172EC /* HistoryStore.swift */ = {isa = PBXFileReference; lastKnownFileType = sourcecode.swift; path = HistoryStore.swift; sourceTree = "<group>"; };
		844B70D62771CC2700262BC6 /* Dicisplina.app */ = {isa = PBXFileReference; explicitFileType = wrapper.application; includeInIndex = 0; path = Dicisplina.app; sourceTree = BUILT_PRODUCTS_DIR; };
		844B70D92771CC2800262BC6 /* DicisplinaApp.swift */ = {isa = PBXFileReference; lastKnownFileType = sourcecode.swift; path = DicisplinaApp.swift; sourceTree = "<group>"; };
		844B70DB2771CC2800262BC6 /* ContentView.swift */ = {isa = PBXFileReference; lastKnownFileType = sourcecode.swift; path = ContentView.swift; sourceTree = "<group>"; };
		844B70DD2771CC2A00262BC6 /* Assets.xcassets */ = {isa = PBXFileReference; lastKnownFileType = folder.assetcatalog; path = Assets.xcassets; sourceTree = "<group>"; };
		844B70E02771CC2A00262BC6 /* Preview Assets.xcassets */ = {isa = PBXFileReference; lastKnownFileType = folder.assetcatalog; path = "Preview Assets.xcassets"; sourceTree = "<group>"; };
		844B70E72771CDC100262BC6 /* ExerciseView.swift */ = {isa = PBXFileReference; lastKnownFileType = sourcecode.swift; path = ExerciseView.swift; sourceTree = "<group>"; };
		844B70E92771CDD000262BC6 /* WelcomeView.swift */ = {isa = PBXFileReference; lastKnownFileType = sourcecode.swift; path = WelcomeView.swift; sourceTree = "<group>"; };
		844B70EE2771D3DF00262BC6 /* HeaderView.swift */ = {isa = PBXFileReference; lastKnownFileType = sourcecode.swift; path = HeaderView.swift; sourceTree = "<group>"; };
		8453AA73277D838800FA8302 /* TimerView.swift */ = {isa = PBXFileReference; lastKnownFileType = sourcecode.swift; path = TimerView.swift; sourceTree = "<group>"; };
		848060BD278176C1001DC1B1 /* Mountain_Climber.mp4 */ = {isa = PBXFileReference; lastKnownFileType = file; name = Mountain_Climber.mp4; path = ../../../../Downloads/Mountain_Climber.mp4; sourceTree = "<group>"; };
		848060BE278176C2001DC1B1 /* Jumping_Jacks.mp4 */ = {isa = PBXFileReference; lastKnownFileType = file; name = Jumping_Jacks.mp4; path = ../../../../Downloads/Jumping_Jacks.mp4; sourceTree = "<group>"; };
		848060BF278176C2001DC1B1 /* Superman.mp4 */ = {isa = PBXFileReference; lastKnownFileType = file; name = Superman.mp4; path = ../../../../Downloads/Superman.mp4; sourceTree = "<group>"; };
		848060C0278176C2001DC1B1 /* Squat.mp4 */ = {isa = PBXFileReference; lastKnownFileType = file; name = Squat.mp4; path = ../../../../Downloads/Squat.mp4; sourceTree = "<group>"; };
		848060C1278176C2001DC1B1 /* Bicycle_Crunch.mp4 */ = {isa = PBXFileReference; lastKnownFileType = file; name = Bicycle_Crunch.mp4; path = ../../../../Downloads/Bicycle_Crunch.mp4; sourceTree = "<group>"; };
		84A4667027741FB200DFDC86 /* RatingView.swift */ = {isa = PBXFileReference; lastKnownFileType = sourcecode.swift; path = RatingView.swift; sourceTree = "<group>"; };
/* End PBXFileReference section */

/* Begin PBXFrameworksBuildPhase section */
		844B70D32771CC2700262BC6 /* Frameworks */ = {
			isa = PBXFrameworksBuildPhase;
			buildActionMask = 2147483647;
			files = (
			);
			runOnlyForDeploymentPostprocessing = 0;
		};
/* End PBXFrameworksBuildPhase section */

/* Begin PBXGroup section */
		841F721A2779DDF0009172EC /* Model */ = {
			isa = PBXGroup;
			children = (
				841F72182779DDA7009172EC /* Exercise.swift */,
				841F721B2779E08A009172EC /* HistoryStore.swift */,
			);
			path = Model;
			sourceTree = "<group>";
		};
		844B70CD2771CC2700262BC6 = {
			isa = PBXGroup;
			children = (
				844B70D82771CC2700262BC6 /* Dicisplina */,
				844B70D72771CC2700262BC6 /* Products */,
			);
			sourceTree = "<group>";
		};
		844B70D72771CC2700262BC6 /* Products */ = {
			isa = PBXGroup;
			children = (
				844B70D62771CC2700262BC6 /* Dicisplina.app */,
			);
			name = Products;
			sourceTree = "<group>";
		};
		844B70D82771CC2700262BC6 /* Dicisplina */ = {
			isa = PBXGroup;
			children = (
				844B70D92771CC2800262BC6 /* DicisplinaApp.swift */,
				844B70F02771E23000262BC6 /* Resources */,
				841F721A2779DDF0009172EC /* Model */,
				844B70ED2771CDF000262BC6 /* Views */,
				844B70DD2771CC2A00262BC6 /* Assets.xcassets */,
				844B70DF2771CC2A00262BC6 /* Preview Content */,
			);
			path = Dicisplina;
			sourceTree = "<group>";
		};
		844B70DF2771CC2A00262BC6 /* Preview Content */ = {
			isa = PBXGroup;
			children = (
				844B70E02771CC2A00262BC6 /* Preview Assets.xcassets */,
			);
			path = "Preview Content";
			sourceTree = "<group>";
		};
		844B70ED2771CDF000262BC6 /* Views */ = {
			isa = PBXGroup;
			children = (
				844B70DB2771CC2800262BC6 /* ContentView.swift */,
				844B70E92771CDD000262BC6 /* WelcomeView.swift */,
				844B70E72771CDC100262BC6 /* ExerciseView.swift */,
				844B70EE2771D3DF00262BC6 /* HeaderView.swift */,
				84A4667027741FB200DFDC86 /* RatingView.swift */,
				841F72062774D0BD009172EC /* HistoryView.swift */,
				841F720D2778D517009172EC /* SuccessView.swift */,
				8453AA73277D838800FA8302 /* TimerView.swift */,
			);
			path = Views;
			sourceTree = "<group>";
		};
		844B70F02771E23000262BC6 /* Resources */ = {
			isa = PBXGroup;
			children = (
				848060C1278176C2001DC1B1 /* Bicycle_Crunch.mp4 */,
				848060BE278176C2001DC1B1 /* Jumping_Jacks.mp4 */,
				848060BD278176C1001DC1B1 /* Mountain_Climber.mp4 */,
				848060C0278176C2001DC1B1 /* Squat.mp4 */,
				848060BF278176C2001DC1B1 /* Superman.mp4 */,
			);
			path = Resources;
			sourceTree = "<group>";
		};
/* End PBXGroup section */

/* Begin PBXNativeTarget section */
		844B70D52771CC2700262BC6 /* Dicisplina */ = {
			isa = PBXNativeTarget;
			buildConfigurationList = 844B70E42771CC2A00262BC6 /* Build configuration list for PBXNativeTarget "Dicisplina" */;
			buildPhases = (
				844B70D22771CC2700262BC6 /* Sources */,
				844B70D32771CC2700262BC6 /* Frameworks */,
				844B70D42771CC2700262BC6 /* Resources */,
				844B70F42771E50B00262BC6 /* ShellScript */,
			);
			buildRules = (
			);
			dependencies = (
			);
			name = Dicisplina;
			productName = Dicisplina;
			productReference = 844B70D62771CC2700262BC6 /* Dicisplina.app */;
			productType = "com.apple.product-type.application";
		};
/* End PBXNativeTarget section */

/* Begin PBXProject section */
		844B70CE2771CC2700262BC6 /* Project object */ = {
			isa = PBXProject;
			attributes = {
				BuildIndependentTargetsInParallel = 1;
				LastSwiftUpdateCheck = 1320;
				LastUpgradeCheck = 1320;
				TargetAttributes = {
					844B70D52771CC2700262BC6 = {
						CreatedOnToolsVersion = 13.2.1;
					};
				};
			};
			buildConfigurationList = 844B70D12771CC2700262BC6 /* Build configuration list for PBXProject "Dicisplina" */;
			compatibilityVersion = "Xcode 13.0";
			developmentRegion = en;
			hasScannedForEncodings = 0;
			knownRegions = (
				en,
				Base,
			);
			mainGroup = 844B70CD2771CC2700262BC6;
			productRefGroup = 844B70D72771CC2700262BC6 /* Products */;
			projectDirPath = "";
			projectRoot = "";
			targets = (
				844B70D52771CC2700262BC6 /* Dicisplina */,
			);
		};
/* End PBXProject section */

/* Begin PBXResourcesBuildPhase section */
		844B70D42771CC2700262BC6 /* Resources */ = {
			isa = PBXResourcesBuildPhase;
			buildActionMask = 2147483647;
			files = (
				848060C2278176D5001DC1B1 /* Bicycle_Crunch.mp4 in Resources */,
				848060C3278176D5001DC1B1 /* Jumping_Jacks.mp4 in Resources */,
				848060C4278176D5001DC1B1 /* Mountain_Climber.mp4 in Resources */,
				848060C5278176D5001DC1B1 /* Squat.mp4 in Resources */,
				848060C6278176D5001DC1B1 /* Superman.mp4 in Resources */,
				844B70E12771CC2A00262BC6 /* Preview Assets.xcassets in Resources */,
				844B70DE2771CC2A00262BC6 /* Assets.xcassets in Resources */,
			);
			runOnlyForDeploymentPostprocessing = 0;
		};
/* End PBXResourcesBuildPhase section */

/* Begin PBXShellScriptBuildPhase section */
		844B70F42771E50B00262BC6 /* ShellScript */ = {
			isa = PBXShellScriptBuildPhase;
			buildActionMask = 2147483647;
			files = (
			);
			inputFileListPaths = (
			);
			inputPaths = (
			);
			outputFileListPaths = (
			);
			outputPaths = (
			);
			runOnlyForDeploymentPostprocessing = 0;
			shellPath = /bin/sh;
			shellScript = "# Type a script or drag a script file from your workspace to insert its path.\n";
		};
/* End PBXShellScriptBuildPhase section */

/* Begin PBXSourcesBuildPhase section */
		844B70D22771CC2700262BC6 /* Sources */ = {
			isa = PBXSourcesBuildPhase;
			buildActionMask = 2147483647;
			files = (
				841F720E2778D517009172EC /* SuccessView.swift in Sources */,
				841F72072774D0BD009172EC /* HistoryView.swift in Sources */,
				841F721C2779E08A009172EC /* HistoryStore.swift in Sources */,
				844B70EF2771D3DF00262BC6 /* HeaderView.swift in Sources */,
				844B70E82771CDC100262BC6 /* ExerciseView.swift in Sources */,
				844B70DC2771CC2800262BC6 /* ContentView.swift in Sources */,
				8453AA74277D838900FA8302 /* TimerView.swift in Sources */,
				84A4667127741FB200DFDC86 /* RatingView.swift in Sources */,
				844B70DA2771CC2800262BC6 /* DicisplinaApp.swift in Sources */,
				844B70EA2771CDD000262BC6 /* WelcomeView.swift in Sources */,
				841F72192779DDA7009172EC /* Exercise.swift in Sources */,
			);
			runOnlyForDeploymentPostprocessing = 0;
		};
/* End PBXSourcesBuildPhase section */

/* Begin XCBuildConfiguration section */
		844B70E22771CC2A00262BC6 /* Debug */ = {
			isa = XCBuildConfiguration;
			buildSettings = {
				ALWAYS_SEARCH_USER_PATHS = NO;
				CLANG_ANALYZER_NONNULL = YES;
				CLANG_ANALYZER_NUMBER_OBJECT_CONVERSION = YES_AGGRESSIVE;
				CLANG_CXX_LANGUAGE_STANDARD = "gnu++17";
				CLANG_CXX_LIBRARY = "libc++";
				CLANG_ENABLE_MODULES = YES;
				CLANG_ENABLE_OBJC_ARC = YES;
				CLANG_ENABLE_OBJC_WEAK = YES;
				CLANG_WARN_BLOCK_CAPTURE_AUTORELEASING = YES;
				CLANG_WARN_BOOL_CONVERSION = YES;
				CLANG_WARN_COMMA = YES;
				CLANG_WARN_CONSTANT_CONVERSION = YES;
				CLANG_WARN_DEPRECATED_OBJC_IMPLEMENTATIONS = YES;
				CLANG_WARN_DIRECT_OBJC_ISA_USAGE = YES_ERROR;
				CLANG_WARN_DOCUMENTATION_COMMENTS = YES;
				CLANG_WARN_EMPTY_BODY = YES;
				CLANG_WARN_ENUM_CONVERSION = YES;
				CLANG_WARN_INFINITE_RECURSION = YES;
				CLANG_WARN_INT_CONVERSION = YES;
				CLANG_WARN_NON_LITERAL_NULL_CONVERSION = YES;
				CLANG_WARN_OBJC_IMPLICIT_RETAIN_SELF = YES;
				CLANG_WARN_OBJC_LITERAL_CONVERSION = YES;
				CLANG_WARN_OBJC_ROOT_CLASS = YES_ERROR;
				CLANG_WARN_QUOTED_INCLUDE_IN_FRAMEWORK_HEADER = YES;
				CLANG_WARN_RANGE_LOOP_ANALYSIS = YES;
				CLANG_WARN_STRICT_PROTOTYPES = YES;
				CLANG_WARN_SUSPICIOUS_MOVE = YES;
				CLANG_WARN_UNGUARDED_AVAILABILITY = YES_AGGRESSIVE;
				CLANG_WARN_UNREACHABLE_CODE = YES;
				CLANG_WARN__DUPLICATE_METHOD_MATCH = YES;
				COPY_PHASE_STRIP = NO;
				DEBUG_INFORMATION_FORMAT = dwarf;
				ENABLE_STRICT_OBJC_MSGSEND = YES;
				ENABLE_TESTABILITY = YES;
				GCC_C_LANGUAGE_STANDARD = gnu11;
				GCC_DYNAMIC_NO_PIC = NO;
				GCC_NO_COMMON_BLOCKS = YES;
				GCC_OPTIMIZATION_LEVEL = 0;
				GCC_PREPROCESSOR_DEFINITIONS = (
					"DEBUG=1",
					"$(inherited)",
				);
				GCC_WARN_64_TO_32_BIT_CONVERSION = YES;
				GCC_WARN_ABOUT_RETURN_TYPE = YES_ERROR;
				GCC_WARN_UNDECLARED_SELECTOR = YES;
				GCC_WARN_UNINITIALIZED_AUTOS = YES_AGGRESSIVE;
				GCC_WARN_UNUSED_FUNCTION = YES;
				GCC_WARN_UNUSED_VARIABLE = YES;
				IPHONEOS_DEPLOYMENT_TARGET = 15.2;
				MTL_ENABLE_DEBUG_INFO = INCLUDE_SOURCE;
				MTL_FAST_MATH = YES;
				ONLY_ACTIVE_ARCH = YES;
				SDKROOT = iphoneos;
				SWIFT_ACTIVE_COMPILATION_CONDITIONS = DEBUG;
				SWIFT_OPTIMIZATION_LEVEL = "-Onone";
			};
			name = Debug;
		};
		844B70E32771CC2A00262BC6 /* Release */ = {
			isa = XCBuildConfiguration;
			buildSettings = {
				ALWAYS_SEARCH_USER_PATHS = NO;
				CLANG_ANALYZER_NONNULL = YES;
				CLANG_ANALYZER_NUMBER_OBJECT_CONVERSION = YES_AGGRESSIVE;
				CLANG_CXX_LANGUAGE_STANDARD = "gnu++17";
				CLANG_CXX_LIBRARY = "libc++";
				CLANG_ENABLE_MODULES = YES;
				CLANG_ENABLE_OBJC_ARC = YES;
				CLANG_ENABLE_OBJC_WEAK = YES;
				CLANG_WARN_BLOCK_CAPTURE_AUTORELEASING = YES;
				CLANG_WARN_BOOL_CONVERSION = YES;
				CLANG_WARN_COMMA = YES;
				CLANG_WARN_CONSTANT_CONVERSION = YES;
				CLANG_WARN_DEPRECATED_OBJC_IMPLEMENTATIONS = YES;
				CLANG_WARN_DIRECT_OBJC_ISA_USAGE = YES_ERROR;
				CLANG_WARN_DOCUMENTATION_COMMENTS = YES;
				CLANG_WARN_EMPTY_BODY = YES;
				CLANG_WARN_ENUM_CONVERSION = YES;
				CLANG_WARN_INFINITE_RECURSION = YES;
				CLANG_WARN_INT_CONVERSION = YES;
				CLANG_WARN_NON_LITERAL_NULL_CONVERSION = YES;
				CLANG_WARN_OBJC_IMPLICIT_RETAIN_SELF = YES;
				CLANG_WARN_OBJC_LITERAL_CONVERSION = YES;
				CLANG_WARN_OBJC_ROOT_CLASS = YES_ERROR;
				CLANG_WARN_QUOTED_INCLUDE_IN_FRAMEWORK_HEADER = YES;
				CLANG_WARN_RANGE_LOOP_ANALYSIS = YES;
				CLANG_WARN_STRICT_PROTOTYPES = YES;
				CLANG_WARN_SUSPICIOUS_MOVE = YES;
				CLANG_WARN_UNGUARDED_AVAILABILITY = YES_AGGRESSIVE;
				CLANG_WARN_UNREACHABLE_CODE = YES;
				CLANG_WARN__DUPLICATE_METHOD_MATCH = YES;
				COPY_PHASE_STRIP = NO;
				DEBUG_INFORMATION_FORMAT = "dwarf-with-dsym";
				ENABLE_NS_ASSERTIONS = NO;
				ENABLE_STRICT_OBJC_MSGSEND = YES;
				GCC_C_LANGUAGE_STANDARD = gnu11;
				GCC_NO_COMMON_BLOCKS = YES;
				GCC_WARN_64_TO_32_BIT_CONVERSION = YES;
				GCC_WARN_ABOUT_RETURN_TYPE = YES_ERROR;
				GCC_WARN_UNDECLARED_SELECTOR = YES;
				GCC_WARN_UNINITIALIZED_AUTOS = YES_AGGRESSIVE;
				GCC_WARN_UNUSED_FUNCTION = YES;
				GCC_WARN_UNUSED_VARIABLE = YES;
				IPHONEOS_DEPLOYMENT_TARGET = 15.2;
				MTL_ENABLE_DEBUG_INFO = NO;
				MTL_FAST_MATH = YES;
				SDKROOT = iphoneos;
				SWIFT_COMPILATION_MODE = wholemodule;
				SWIFT_OPTIMIZATION_LEVEL = "-O";
				VALIDATE_PRODUCT = YES;
			};
			name = Release;
		};
		844B70E52771CC2A00262BC6 /* Debug */ = {
			isa = XCBuildConfiguration;
			buildSettings = {
				ASSETCATALOG_COMPILER_APPICON_NAME = AppIcon;
				ASSETCATALOG_COMPILER_GLOBAL_ACCENT_COLOR_NAME = AccentColor;
				CODE_SIGN_STYLE = Automatic;
				CURRENT_PROJECT_VERSION = 1;
				DEVELOPMENT_ASSET_PATHS = "\"Dicisplina/Preview Content\"";
				DEVELOPMENT_TEAM = 27T99273GT;
				ENABLE_PREVIEWS = YES;
				GENERATE_INFOPLIST_FILE = YES;
				INFOPLIST_KEY_UIApplicationSceneManifest_Generation = YES;
				INFOPLIST_KEY_UIApplicationSupportsIndirectInputEvents = YES;
				INFOPLIST_KEY_UILaunchScreen_Generation = YES;
				INFOPLIST_KEY_UISupportedInterfaceOrientations_iPad = "UIInterfaceOrientationPortrait UIInterfaceOrientationPortraitUpsideDown UIInterfaceOrientationLandscapeLeft UIInterfaceOrientationLandscapeRight";
				INFOPLIST_KEY_UISupportedInterfaceOrientations_iPhone = "UIInterfaceOrientationPortrait UIInterfaceOrientationLandscapeLeft UIInterfaceOrientationLandscapeRight";
				IPHONEOS_DEPLOYMENT_TARGET = 15.0;
				LD_RUNPATH_SEARCH_PATHS = (
					"$(inherited)",
					"@executable_path/Frameworks",
				);
				MARKETING_VERSION = 1.0;
				PRODUCT_BUNDLE_IDENTIFIER = com.jaehyeon.Dicisplina;
				PRODUCT_NAME = "$(TARGET_NAME)";
				SWIFT_EMIT_LOC_STRINGS = YES;
				SWIFT_VERSION = 5.0;
				TARGETED_DEVICE_FAMILY = "1,2";
			};
			name = Debug;
		};
		844B70E62771CC2A00262BC6 /* Release */ = {
			isa = XCBuildConfiguration;
			buildSettings = {
				ASSETCATALOG_COMPILER_APPICON_NAME = AppIcon;
				ASSETCATALOG_COMPILER_GLOBAL_ACCENT_COLOR_NAME = AccentColor;
				CODE_SIGN_STYLE = Automatic;
				CURRENT_PROJECT_VERSION = 1;
				DEVELOPMENT_ASSET_PATHS = "\"Dicisplina/Preview Content\"";
				DEVELOPMENT_TEAM = 27T99273GT;
				ENABLE_PREVIEWS = YES;
				GENERATE_INFOPLIST_FILE = YES;
				INFOPLIST_KEY_UIApplicationSceneManifest_Generation = YES;
				INFOPLIST_KEY_UIApplicationSupportsIndirectInputEvents = YES;
				INFOPLIST_KEY_UILaunchScreen_Generation = YES;
				INFOPLIST_KEY_UISupportedInterfaceOrientations_iPad = "UIInterfaceOrientationPortrait UIInterfaceOrientationPortraitUpsideDown UIInterfaceOrientationLandscapeLeft UIInterfaceOrientationLandscapeRight";
				INFOPLIST_KEY_UISupportedInterfaceOrientations_iPhone = "UIInterfaceOrientationPortrait UIInterfaceOrientationLandscapeLeft UIInterfaceOrientationLandscapeRight";
				IPHONEOS_DEPLOYMENT_TARGET = 15.0;
				LD_RUNPATH_SEARCH_PATHS = (
					"$(inherited)",
					"@executable_path/Frameworks",
				);
				MARKETING_VERSION = 1.0;
				PRODUCT_BUNDLE_IDENTIFIER = com.jaehyeon.Dicisplina;
				PRODUCT_NAME = "$(TARGET_NAME)";
				SWIFT_EMIT_LOC_STRINGS = YES;
				SWIFT_VERSION = 5.0;
				TARGETED_DEVICE_FAMILY = "1,2";
			};
			name = Release;
		};
/* End XCBuildConfiguration section */

/* Begin XCConfigurationList section */
		844B70D12771CC2700262BC6 /* Build configuration list for PBXProject "Dicisplina" */ = {
			isa = XCConfigurationList;
			buildConfigurations = (
				844B70E22771CC2A00262BC6 /* Debug */,
				844B70E32771CC2A00262BC6 /* Release */,
			);
			defaultConfigurationIsVisible = 0;
			defaultConfigurationName = Release;
		};
		844B70E42771CC2A00262BC6 /* Build configuration list for PBXNativeTarget "Dicisplina" */ = {
			isa = XCConfigurationList;
			buildConfigurations = (
				844B70E52771CC2A00262BC6 /* Debug */,
				844B70E62771CC2A00262BC6 /* Release */,
			);
			defaultConfigurationIsVisible = 0;
			defaultConfigurationName = Release;
		};
/* End XCConfigurationList section */
	};
	rootObject = 844B70CE2771CC2700262BC6 /* Project object */;
}
